
Microsoft Visual Studio Solution File, Format Version 12.00
# Visual Studio Version 16
VisualStudioVersion = 16.0.30204.135
MinimumVisualStudioVersion = 10.0.40219.1
Project("{FAE04EC0-301F-11D3-BF4B-00C04F79EFBC}") = "HelloWorld5", "HelloWorld5\HelloWorld5.csproj", "{3C7AAE9B-CC48-4E64-9F26-D85014FAF7F0}"
EndProject
Project("{FAE04EC0-301F-11D3-BF4B-00C04F79EFBC}") = "HelloWorldWindowsVersion", "HelloWorldWindowsVersion\HelloWorldWindowsVersion.csproj", "{4346C1C0-CBD3-4FE0-940E-AB14DA052F5F}"
EndProject
Project("{FAE04EC0-301F-11D3-BF4B-00C04F79EFBC}") = "AddTwoNumbers", "AddTwoNumbers\AddTwoNumbers.csproj", "{84196A3C-9CE9-488D-A0C4-6EB80FBA87C3}"
EndProject
Project("{FAE04EC0-301F-11D3-BF4B-00C04F79EFBC}") = "EvenUneven", "EvenUneven\EvenUneven.csproj", "{B361770C-0EB1-439C-9813-B6284047C459}"
EndProject
Project("{FAE04EC0-301F-11D3-BF4B-00C04F79EFBC}") = "SignOfANumber", "SignOfANumber\SignOfANumber.csproj", "{F19F9E96-1603-440A-8806-F36003457E42}"
EndProject
Project("{FAE04EC0-301F-11D3-BF4B-00C04F79EFBC}") = "SwitchExample", "SwitchExample\SwitchExample.csproj", "{4F2EB0AF-54E6-4A57-9130-E98B6D27D56A}"
EndProject
Global
	GlobalSection(SolutionConfigurationPlatforms) = preSolution
		Debug|Any CPU = Debug|Any CPU
		Release|Any CPU = Release|Any CPU
	EndGlobalSection
	GlobalSection(ProjectConfigurationPlatforms) = postSolution
		{3C7AAE9B-CC48-4E64-9F26-D85014FAF7F0}.Debug|Any CPU.ActiveCfg = Debug|Any CPU
		{3C7AAE9B-CC48-4E64-9F26-D85014FAF7F0}.Debug|Any CPU.Build.0 = Debug|Any CPU
		{3C7AAE9B-CC48-4E64-9F26-D85014FAF7F0}.Release|Any CPU.ActiveCfg = Release|Any CPU
		{3C7AAE9B-CC48-4E64-9F26-D85014FAF7F0}.Release|Any CPU.Build.0 = Release|Any CPU
		{4346C1C0-CBD3-4FE0-940E-AB14DA052F5F}.Debug|Any CPU.ActiveCfg = Debug|Any CPU
		{4346C1C0-CBD3-4FE0-940E-AB14DA052F5F}.Debug|Any CPU.Build.0 = Debug|Any CPU
		{4346C1C0-CBD3-4FE0-940E-AB14DA052F5F}.Release|Any CPU.ActiveCfg = Release|Any CPU
		{4346C1C0-CBD3-4FE0-940E-AB14DA052F5F}.Release|Any CPU.Build.0 = Release|Any CPU
		{84196A3C-9CE9-488D-A0C4-6EB80FBA87C3}.Debug|Any CPU.ActiveCfg = Debug|Any CPU
		{84196A3C-9CE9-488D-A0C4-6EB80FBA87C3}.Debug|Any CPU.Build.0 = Debug|Any CPU
		{84196A3C-9CE9-488D-A0C4-6EB80FBA87C3}.Release|Any CPU.ActiveCfg = Release|Any CPU
		{84196A3C-9CE9-488D-A0C4-6EB80FBA87C3}.Release|Any CPU.Build.0 = Release|Any CPU
		{B361770C-0EB1-439C-9813-B6284047C459}.Debug|Any CPU.ActiveCfg = Debug|Any CPU
		{B361770C-0EB1-439C-9813-B6284047C459}.Debug|Any CPU.Build.0 = Debug|Any CPU
		{B361770C-0EB1-439C-9813-B6284047C459}.Release|Any CPU.ActiveCfg = Release|Any CPU
		{B361770C-0EB1-439C-9813-B6284047C459}.Release|Any CPU.Build.0 = Release|Any CPU
		{F19F9E96-1603-440A-8806-F36003457E42}.Debug|Any CPU.ActiveCfg = Debug|Any CPU
		{F19F9E96-1603-440A-8806-F36003457E42}.Debug|Any CPU.Build.0 = Debug|Any CPU
		{F19F9E96-1603-440A-8806-F36003457E42}.Release|Any CPU.ActiveCfg = Release|Any CPU
		{F19F9E96-1603-440A-8806-F36003457E42}.Release|Any CPU.Build.0 = Release|Any CPU
		{4F2EB0AF-54E6-4A57-9130-E98B6D27D56A}.Debug|Any CPU.ActiveCfg = Debug|Any CPU
		{4F2EB0AF-54E6-4A57-9130-E98B6D27D56A}.Debug|Any CPU.Build.0 = Debug|Any CPU
		{4F2EB0AF-54E6-4A57-9130-E98B6D27D56A}.Release|Any CPU.ActiveCfg = Release|Any CPU
		{4F2EB0AF-54E6-4A57-9130-E98B6D27D56A}.Release|Any CPU.Build.0 = Release|Any CPU
	EndGlobalSection
	GlobalSection(SolutionProperties) = preSolution
		HideSolutionNode = FALSE
	EndGlobalSection
	GlobalSection(ExtensibilityGlobals) = postSolution
		SolutionGuid = {B681DFBB-243F-4794-ABBB-479C8E8D43F5}
	EndGlobalSection
EndGlobal
